Microsoft Visual Studio Solution File, Format Version 10.00
# Visual Studio 2008
Project("{2150E333-8FDC-42A3-9474-1A3956D46DE8}") = "tests", "tests", "{F1DF3358-C4F9-4AC4-8121-7FDF662E75B9}"
EndProject
Project("{2150E333-8FDC-42A3-9474-1A3956D46DE8}") = "tools", "tools", "{41171E81-8617-4B1A-AA60-5E45F60BDC6B}"
EndProject
Project("{FAE04EC0-301F-11D3-BF4B-00C04F79EFBC}") = "mindtouch.host", "mindtouch.host\mindtouch.host.csproj", "{914DF81A-03C0-4B57-BC93-27F287017057}"
EndProject
Project("{FAE04EC0-301F-11D3-BF4B-00C04F79EFBC}") = "mindtouch.blueprints", "mindtouch.blueprints\mindtouch.blueprints.csproj", "{DCF830D7-F840-41B3-A89A-4145DAEB9744}"
EndProject
Project("{FAE04EC0-301F-11D3-BF4B-00C04F79EFBC}") = "mindtouch.bench", "mindtouch.bench\mindtouch.bench.csproj", "{74182840-62F6-4587-8FA8-88C4D57598AE}"
EndProject
Project("{FAE04EC0-301F-11D3-BF4B-00C04F79EFBC}") = "mindtouch.host.service", "mindtouch.host.service\mindtouch.host.service.csproj", "{5FF573E2-A001-438D-984D-6DEE7B8A5F55}"
EndProject
Project("{FAE04EC0-301F-11D3-BF4B-00C04F79EFBC}") = "mindtouch.common", "mindtouch.common\mindtouch.common.csproj", "{EA09760D-B1FC-4E5F-A5A8-B3BD16395378}"
EndProject
Project("{FAE04EC0-301F-11D3-BF4B-00C04F79EFBC}") = "mindtouch.web.client", "mindtouch.web.client\mindtouch.web.client.csproj", "{405573DD-20FB-4F51-9634-63646F1AE479}"
EndProject
Project("{FAE04EC0-301F-11D3-BF4B-00C04F79EFBC}") = "mindtouch.web.server", "mindtouch.web.server\mindtouch.web.server.csproj", "{3E706653-69D1-4522-BEE8-ECEC1A1BF7DE}"
EndProject
Project("{FAE04EC0-301F-11D3-BF4B-00C04F79EFBC}") = "test.mindtouch.common", "tests\test.mindtouch.common\test.mindtouch.common.csproj", "{7C1677C7-4E1E-4600-984F-2130D39CE458}"
EndProject
Project("{FAE04EC0-301F-11D3-BF4B-00C04F79EFBC}") = "test.mindtouch.web.client", "tests\test.mindtouch.web.client\test.mindtouch.web.client.csproj", "{467A29AF-234B-4352-85D0-987F70FB4AC5}"
EndProject
Project("{FAE04EC0-301F-11D3-BF4B-00C04F79EFBC}") = "test.mindtouch.web.server", "tests\test.mindtouch.web.server\test.mindtouch.web.server.csproj", "{4AB1A26D-6A74-4856-A87F-328C8C0EC13C}"
EndProject
Project("{2150E333-8FDC-42A3-9474-1A3956D46DE8}") = "Solution Items", "Solution Items", "{09DA3966-D0E9-471F-85D3-BC324687B172}"
	ProjectSection(SolutionItems) = preProject
		..\LICENSE = ..\LICENSE
		..\mindtouch.build.xml = ..\mindtouch.build.xml
		..\MindTouchDream.proj = ..\MindTouchDream.proj
		..\README.md = ..\README.md
	EndProjectSection
EndProject
Project("{FAE04EC0-301F-11D3-BF4B-00C04F79EFBC}") = "mindtouch.system", "mindtouch.system\mindtouch.system.csproj", "{A64C7DB1-D193-4265-8799-F1F3C85E0424}"
EndProject
Project("{FAE04EC0-301F-11D3-BF4B-00C04F79EFBC}") = "test.mindtouch.system", "tests\test.mindtouch.system\test.mindtouch.system.csproj", "{A20688D4-67FB-44C0-86AE-B70FBA76DA2C}"
EndProject
Project("{FAE04EC0-301F-11D3-BF4B-00C04F79EFBC}") = "mindtouch.services", "mindtouch.services\mindtouch.services.csproj", "{FD60F564-DC4B-4C51-BD14-B43002CCCF89}"
EndProject
Project("{FAE04EC0-301F-11D3-BF4B-00C04F79EFBC}") = "mindtouch.web.test", "mindtouch.web.test\mindtouch.web.test.csproj", "{C4CC19EB-8149-4F39-A6E6-753886309CF6}"
EndProject
Project("{FAE04EC0-301F-11D3-BF4B-00C04F79EFBC}") = "test.mindtouch.web.test", "tests\test.mindtouch.web.test\test.mindtouch.web.test.csproj", "{D5B1A6E6-C1F9-464E-9BC4-D2C8EFDB046D}"
EndProject
Project("{FAE04EC0-301F-11D3-BF4B-00C04F79EFBC}") = "test.mindtouch.services", "tests\test.mindtouch.services\test.mindtouch.services.csproj", "{2D51D828-889A-43AD-B1C1-849D09DC3692}"
EndProject
Global
	GlobalSection(SolutionConfigurationPlatforms) = preSolution
		Debug|Any CPU = Debug|Any CPU
		Documentation|Any CPU = Documentation|Any CPU
		Release|Any CPU = Release|Any CPU
		Signed Release|Any CPU = Signed Release|Any CPU
	EndGlobalSection
	GlobalSection(ProjectConfigurationPlatforms) = postSolution
		{914DF81A-03C0-4B57-BC93-27F287017057}.Debug|Any CPU.ActiveCfg = Debug|Any CPU
		{914DF81A-03C0-4B57-BC93-27F287017057}.Debug|Any CPU.Build.0 = Debug|Any CPU
		{914DF81A-03C0-4B57-BC93-27F287017057}.Documentation|Any CPU.ActiveCfg = Debug|Any CPU
		{914DF81A-03C0-4B57-BC93-27F287017057}.Documentation|Any CPU.Build.0 = Debug|Any CPU
		{914DF81A-03C0-4B57-BC93-27F287017057}.Release|Any CPU.ActiveCfg = Release|Any CPU
		{914DF81A-03C0-4B57-BC93-27F287017057}.Release|Any CPU.Build.0 = Release|Any CPU
		{914DF81A-03C0-4B57-BC93-27F287017057}.Signed Release|Any CPU.ActiveCfg = Signed Release|Any CPU
		{914DF81A-03C0-4B57-BC93-27F287017057}.Signed Release|Any CPU.Build.0 = Signed Release|Any CPU
		{DCF830D7-F840-41B3-A89A-4145DAEB9744}.Debug|Any CPU.ActiveCfg = Debug|Any CPU
		{DCF830D7-F840-41B3-A89A-4145DAEB9744}.Debug|Any CPU.Build.0 = Debug|Any CPU
		{DCF830D7-F840-41B3-A89A-4145DAEB9744}.Documentation|Any CPU.ActiveCfg = Debug|Any CPU
		{DCF830D7-F840-41B3-A89A-4145DAEB9744}.Documentation|Any CPU.Build.0 = Debug|Any CPU
		{DCF830D7-F840-41B3-A89A-4145DAEB9744}.Release|Any CPU.ActiveCfg = Release|Any CPU
		{DCF830D7-F840-41B3-A89A-4145DAEB9744}.Release|Any CPU.Build.0 = Release|Any CPU
		{DCF830D7-F840-41B3-A89A-4145DAEB9744}.Signed Release|Any CPU.ActiveCfg = Signed Release|Any CPU
		{DCF830D7-F840-41B3-A89A-4145DAEB9744}.Signed Release|Any CPU.Build.0 = Signed Release|Any CPU
		{74182840-62F6-4587-8FA8-88C4D57598AE}.Debug|Any CPU.ActiveCfg = Debug|Any CPU
		{74182840-62F6-4587-8FA8-88C4D57598AE}.Debug|Any CPU.Build.0 = Debug|Any CPU
		{74182840-62F6-4587-8FA8-88C4D57598AE}.Documentation|Any CPU.ActiveCfg = Debug|Any CPU
		{74182840-62F6-4587-8FA8-88C4D57598AE}.Documentation|Any CPU.Build.0 = Debug|Any CPU
		{74182840-62F6-4587-8FA8-88C4D57598AE}.Release|Any CPU.ActiveCfg = Release|Any CPU
		{74182840-62F6-4587-8FA8-88C4D57598AE}.Release|Any CPU.Build.0 = Release|Any CPU
		{74182840-62F6-4587-8FA8-88C4D57598AE}.Signed Release|Any CPU.ActiveCfg = Signed Release|Any CPU
		{74182840-62F6-4587-8FA8-88C4D57598AE}.Signed Release|Any CPU.Build.0 = Signed Release|Any CPU
		{5FF573E2-A001-438D-984D-6DEE7B8A5F55}.Debug|Any CPU.ActiveCfg = Debug|Any CPU
		{5FF573E2-A001-438D-984D-6DEE7B8A5F55}.Debug|Any CPU.Build.0 = Debug|Any CPU
		{5FF573E2-A001-438D-984D-6DEE7B8A5F55}.Documentation|Any CPU.ActiveCfg = Debug|Any CPU
		{5FF573E2-A001-438D-984D-6DEE7B8A5F55}.Documentation|Any CPU.Build.0 = Debug|Any CPU
		{5FF573E2-A001-438D-984D-6DEE7B8A5F55}.Release|Any CPU.ActiveCfg = Release|Any CPU
		{5FF573E2-A001-438D-984D-6DEE7B8A5F55}.Release|Any CPU.Build.0 = Release|Any CPU
		{5FF573E2-A001-438D-984D-6DEE7B8A5F55}.Signed Release|Any CPU.ActiveCfg = Signed Release|Any CPU
		{5FF573E2-A001-438D-984D-6DEE7B8A5F55}.Signed Release|Any CPU.Build.0 = Signed Release|Any CPU
		{EA09760D-B1FC-4E5F-A5A8-B3BD16395378}.Debug|Any CPU.ActiveCfg = Debug|Any CPU
		{EA09760D-B1FC-4E5F-A5A8-B3BD16395378}.Debug|Any CPU.Build.0 = Debug|Any CPU
		{EA09760D-B1FC-4E5F-A5A8-B3BD16395378}.Documentation|Any CPU.ActiveCfg = Debug|Any CPU
		{EA09760D-B1FC-4E5F-A5A8-B3BD16395378}.Documentation|Any CPU.Build.0 = Debug|Any CPU
		{EA09760D-B1FC-4E5F-A5A8-B3BD16395378}.Release|Any CPU.ActiveCfg = Release|Any CPU
		{EA09760D-B1FC-4E5F-A5A8-B3BD16395378}.Release|Any CPU.Build.0 = Release|Any CPU
		{EA09760D-B1FC-4E5F-A5A8-B3BD16395378}.Signed Release|Any CPU.ActiveCfg = Signed Release|Any CPU
		{EA09760D-B1FC-4E5F-A5A8-B3BD16395378}.Signed Release|Any CPU.Build.0 = Signed Release|Any CPU
		{405573DD-20FB-4F51-9634-63646F1AE479}.Debug|Any CPU.ActiveCfg = Debug|Any CPU
		{405573DD-20FB-4F51-9634-63646F1AE479}.Debug|Any CPU.Build.0 = Debug|Any CPU
		{405573DD-20FB-4F51-9634-63646F1AE479}.Documentation|Any CPU.ActiveCfg = Documentation|Any CPU
		{405573DD-20FB-4F51-9634-63646F1AE479}.Documentation|Any CPU.Build.0 = Documentation|Any CPU
		{405573DD-20FB-4F51-9634-63646F1AE479}.Release|Any CPU.ActiveCfg = Release|Any CPU
		{405573DD-20FB-4F51-9634-63646F1AE479}.Release|Any CPU.Build.0 = Release|Any CPU
		{405573DD-20FB-4F51-9634-63646F1AE479}.Signed Release|Any CPU.ActiveCfg = Signed Release|Any CPU
		{405573DD-20FB-4F51-9634-63646F1AE479}.Signed Release|Any CPU.Build.0 = Signed Release|Any CPU
		{3E706653-69D1-4522-BEE8-ECEC1A1BF7DE}.Debug|Any CPU.ActiveCfg = Debug|Any CPU
		{3E706653-69D1-4522-BEE8-ECEC1A1BF7DE}.Debug|Any CPU.Build.0 = Debug|Any CPU
		{3E706653-69D1-4522-BEE8-ECEC1A1BF7DE}.Documentation|Any CPU.ActiveCfg = Documentation|Any CPU
		{3E706653-69D1-4522-BEE8-ECEC1A1BF7DE}.Documentation|Any CPU.Build.0 = Documentation|Any CPU
		{3E706653-69D1-4522-BEE8-ECEC1A1BF7DE}.Release|Any CPU.ActiveCfg = Release|Any CPU
		{3E706653-69D1-4522-BEE8-ECEC1A1BF7DE}.Release|Any CPU.Build.0 = Release|Any CPU
		{3E706653-69D1-4522-BEE8-ECEC1A1BF7DE}.Signed Release|Any CPU.ActiveCfg = Signed Release|Any CPU
		{3E706653-69D1-4522-BEE8-ECEC1A1BF7DE}.Signed Release|Any CPU.Build.0 = Signed Release|Any CPU
		{7C1677C7-4E1E-4600-984F-2130D39CE458}.Debug|Any CPU.ActiveCfg = Debug|Any CPU
		{7C1677C7-4E1E-4600-984F-2130D39CE458}.Debug|Any CPU.Build.0 = Debug|Any CPU
		{7C1677C7-4E1E-4600-984F-2130D39CE458}.Documentation|Any CPU.ActiveCfg = Documentation|Any CPU
		{7C1677C7-4E1E-4600-984F-2130D39CE458}.Documentation|Any CPU.Build.0 = Documentation|Any CPU
		{7C1677C7-4E1E-4600-984F-2130D39CE458}.Release|Any CPU.ActiveCfg = Release|Any CPU
		{7C1677C7-4E1E-4600-984F-2130D39CE458}.Release|Any CPU.Build.0 = Release|Any CPU
		{7C1677C7-4E1E-4600-984F-2130D39CE458}.Signed Release|Any CPU.ActiveCfg = Release|Any CPU
		{7C1677C7-4E1E-4600-984F-2130D39CE458}.Signed Release|Any CPU.Build.0 = Release|Any CPU
		{467A29AF-234B-4352-85D0-987F70FB4AC5}.Debug|Any CPU.ActiveCfg = Debug|Any CPU
		{467A29AF-234B-4352-85D0-987F70FB4AC5}.Debug|Any CPU.Build.0 = Debug|Any CPU
		{467A29AF-234B-4352-85D0-987F70FB4AC5}.Documentation|Any CPU.ActiveCfg = Debug|Any CPU
		{467A29AF-234B-4352-85D0-987F70FB4AC5}.Documentation|Any CPU.Build.0 = Debug|Any CPU
		{467A29AF-234B-4352-85D0-987F70FB4AC5}.Release|Any CPU.ActiveCfg = Release|Any CPU
		{467A29AF-234B-4352-85D0-987F70FB4AC5}.Release|Any CPU.Build.0 = Release|Any CPU
		{467A29AF-234B-4352-85D0-987F70FB4AC5}.Signed Release|Any CPU.ActiveCfg = Release|Any CPU
		{467A29AF-234B-4352-85D0-987F70FB4AC5}.Signed Release|Any CPU.Build.0 = Release|Any CPU
		{4AB1A26D-6A74-4856-A87F-328C8C0EC13C}.Debug|Any CPU.ActiveCfg = Debug|Any CPU
		{4AB1A26D-6A74-4856-A87F-328C8C0EC13C}.Debug|Any CPU.Build.0 = Debug|Any CPU
		{4AB1A26D-6A74-4856-A87F-328C8C0EC13C}.Documentation|Any CPU.ActiveCfg = Debug|Any CPU
		{4AB1A26D-6A74-4856-A87F-328C8C0EC13C}.Documentation|Any CPU.Build.0 = Debug|Any CPU
		{4AB1A26D-6A74-4856-A87F-328C8C0EC13C}.Release|Any CPU.ActiveCfg = Release|Any CPU
		{4AB1A26D-6A74-4856-A87F-328C8C0EC13C}.Release|Any CPU.Build.0 = Release|Any CPU
		{4AB1A26D-6A74-4856-A87F-328C8C0EC13C}.Signed Release|Any CPU.ActiveCfg = Release|Any CPU
		{4AB1A26D-6A74-4856-A87F-328C8C0EC13C}.Signed Release|Any CPU.Build.0 = Release|Any CPU
		{A64C7DB1-D193-4265-8799-F1F3C85E0424}.Debug|Any CPU.ActiveCfg = Debug|Any CPU
		{A64C7DB1-D193-4265-8799-F1F3C85E0424}.Debug|Any CPU.Build.0 = Debug|Any CPU
		{A64C7DB1-D193-4265-8799-F1F3C85E0424}.Documentation|Any CPU.ActiveCfg = Documentation|Any CPU
		{A64C7DB1-D193-4265-8799-F1F3C85E0424}.Documentation|Any CPU.Build.0 = Documentation|Any CPU
		{A64C7DB1-D193-4265-8799-F1F3C85E0424}.Release|Any CPU.ActiveCfg = Release|Any CPU
		{A64C7DB1-D193-4265-8799-F1F3C85E0424}.Release|Any CPU.Build.0 = Release|Any CPU
		{A64C7DB1-D193-4265-8799-F1F3C85E0424}.Signed Release|Any CPU.ActiveCfg = Signed Release|Any CPU
		{A64C7DB1-D193-4265-8799-F1F3C85E0424}.Signed Release|Any CPU.Build.0 = Signed Release|Any CPU
		{A20688D4-67FB-44C0-86AE-B70FBA76DA2C}.Debug|Any CPU.ActiveCfg = Debug|Any CPU
		{A20688D4-67FB-44C0-86AE-B70FBA76DA2C}.Debug|Any CPU.Build.0 = Debug|Any CPU
		{A20688D4-67FB-44C0-86AE-B70FBA76DA2C}.Documentation|Any CPU.ActiveCfg = Documentation|Any CPU
		{A20688D4-67FB-44C0-86AE-B70FBA76DA2C}.Documentation|Any CPU.Build.0 = Documentation|Any CPU
		{A20688D4-67FB-44C0-86AE-B70FBA76DA2C}.Release|Any CPU.ActiveCfg = Release|Any CPU
		{A20688D4-67FB-44C0-86AE-B70FBA76DA2C}.Release|Any CPU.Build.0 = Release|Any CPU
		{A20688D4-67FB-44C0-86AE-B70FBA76DA2C}.Signed Release|Any CPU.ActiveCfg = Release|Any CPU
		{A20688D4-67FB-44C0-86AE-B70FBA76DA2C}.Signed Release|Any CPU.Build.0 = Release|Any CPU
		{FD60F564-DC4B-4C51-BD14-B43002CCCF89}.Debug|Any CPU.ActiveCfg = Debug|Any CPU
		{FD60F564-DC4B-4C51-BD14-B43002CCCF89}.Debug|Any CPU.Build.0 = Debug|Any CPU
		{FD60F564-DC4B-4C51-BD14-B43002CCCF89}.Documentation|Any CPU.ActiveCfg = Debug|Any CPU
		{FD60F564-DC4B-4C51-BD14-B43002CCCF89}.Documentation|Any CPU.Build.0 = Debug|Any CPU
		{FD60F564-DC4B-4C51-BD14-B43002CCCF89}.Release|Any CPU.ActiveCfg = Release|Any CPU
		{FD60F564-DC4B-4C51-BD14-B43002CCCF89}.Release|Any CPU.Build.0 = Release|Any CPU
		{FD60F564-DC4B-4C51-BD14-B43002CCCF89}.Signed Release|Any CPU.ActiveCfg = Release|Any CPU
		{FD60F564-DC4B-4C51-BD14-B43002CCCF89}.Signed Release|Any CPU.Build.0 = Release|Any CPU
		{C4CC19EB-8149-4F39-A6E6-753886309CF6}.Debug|Any CPU.ActiveCfg = Debug|Any CPU
		{C4CC19EB-8149-4F39-A6E6-753886309CF6}.Debug|Any CPU.Build.0 = Debug|Any CPU
		{C4CC19EB-8149-4F39-A6E6-753886309CF6}.Documentation|Any CPU.ActiveCfg = Documentation|Any CPU
		{C4CC19EB-8149-4F39-A6E6-753886309CF6}.Documentation|Any CPU.Build.0 = Documentation|Any CPU
		{C4CC19EB-8149-4F39-A6E6-753886309CF6}.Release|Any CPU.ActiveCfg = Release|Any CPU
		{C4CC19EB-8149-4F39-A6E6-753886309CF6}.Release|Any CPU.Build.0 = Release|Any CPU
		{C4CC19EB-8149-4F39-A6E6-753886309CF6}.Signed Release|Any CPU.ActiveCfg = Signed Release|Any CPU
		{C4CC19EB-8149-4F39-A6E6-753886309CF6}.Signed Release|Any CPU.Build.0 = Signed Release|Any CPU
		{D5B1A6E6-C1F9-464E-9BC4-D2C8EFDB046D}.Debug|Any CPU.ActiveCfg = Debug|Any CPU
		{D5B1A6E6-C1F9-464E-9BC4-D2C8EFDB046D}.Debug|Any CPU.Build.0 = Debug|Any CPU
		{D5B1A6E6-C1F9-464E-9BC4-D2C8EFDB046D}.Documentation|Any CPU.ActiveCfg = Debug|Any CPU
		{D5B1A6E6-C1F9-464E-9BC4-D2C8EFDB046D}.Documentation|Any CPU.Build.0 = Debug|Any CPU
		{D5B1A6E6-C1F9-464E-9BC4-D2C8EFDB046D}.Release|Any CPU.ActiveCfg = Release|Any CPU
		{D5B1A6E6-C1F9-464E-9BC4-D2C8EFDB046D}.Release|Any CPU.Build.0 = Release|Any CPU
		{D5B1A6E6-C1F9-464E-9BC4-D2C8EFDB046D}.Signed Release|Any CPU.ActiveCfg = Release|Any CPU
		{D5B1A6E6-C1F9-464E-9BC4-D2C8EFDB046D}.Signed Release|Any CPU.Build.0 = Release|Any CPU
		{2D51D828-889A-43AD-B1C1-849D09DC3692}.Debug|Any CPU.ActiveCfg = Debug|Any CPU
		{2D51D828-889A-43AD-B1C1-849D09DC3692}.Debug|Any CPU.Build.0 = Debug|Any CPU
		{2D51D828-889A-43AD-B1C1-849D09DC3692}.Documentation|Any CPU.ActiveCfg = Debug|Any CPU
		{2D51D828-889A-43AD-B1C1-849D09DC3692}.Documentation|Any CPU.Build.0 = Debug|Any CPU
		{2D51D828-889A-43AD-B1C1-849D09DC3692}.Release|Any CPU.ActiveCfg = Release|Any CPU
		{2D51D828-889A-43AD-B1C1-849D09DC3692}.Release|Any CPU.Build.0 = Release|Any CPU
		{2D51D828-889A-43AD-B1C1-849D09DC3692}.Signed Release|Any CPU.ActiveCfg = Release|Any CPU
		{2D51D828-889A-43AD-B1C1-849D09DC3692}.Signed Release|Any CPU.Build.0 = Release|Any CPU
	EndGlobalSection
	GlobalSection(SolutionProperties) = preSolution
		HideSolutionNode = FALSE
	EndGlobalSection
	GlobalSection(NestedProjects) = preSolution
		{7C1677C7-4E1E-4600-984F-2130D39CE458} = {F1DF3358-C4F9-4AC4-8121-7FDF662E75B9}
		{467A29AF-234B-4352-85D0-987F70FB4AC5} = {F1DF3358-C4F9-4AC4-8121-7FDF662E75B9}
		{4AB1A26D-6A74-4856-A87F-328C8C0EC13C} = {F1DF3358-C4F9-4AC4-8121-7FDF662E75B9}
		{A20688D4-67FB-44C0-86AE-B70FBA76DA2C} = {F1DF3358-C4F9-4AC4-8121-7FDF662E75B9}
		{D5B1A6E6-C1F9-464E-9BC4-D2C8EFDB046D} = {F1DF3358-C4F9-4AC4-8121-7FDF662E75B9}
		{2D51D828-889A-43AD-B1C1-849D09DC3692} = {F1DF3358-C4F9-4AC4-8121-7FDF662E75B9}
		{DCF830D7-F840-41B3-A89A-4145DAEB9744} = {41171E81-8617-4B1A-AA60-5E45F60BDC6B}
		{74182840-62F6-4587-8FA8-88C4D57598AE} = {41171E81-8617-4B1A-AA60-5E45F60BDC6B}
	EndGlobalSection
EndGlobal
